
Microsoft Visual Studio Solution File, Format Version 12.00
# Visual Studio Version 17
VisualStudioVersion = 17.10.35027.167
MinimumVisualStudioVersion = 10.0.40219.1
Project("{FAE04EC0-301F-11D3-BF4B-00C04F79EFBC}") = "AlMaximoTI", "AlMaximoTI\AlMaximoTI.csproj", "{7EDD34F1-3B4B-45B0-AC23-3F499C2B24F3}"
EndProject
Global
	GlobalSection(SolutionConfigurationPlatforms) = preSolution
		Debug|Any CPU = Debug|Any CPU
		Release|Any CPU = Release|Any CPU
	EndGlobalSection
	GlobalSection(ProjectConfigurationPlatforms) = postSolution
		{7EDD34F1-3B4B-45B0-AC23-3F499C2B24F3}.Debug|Any CPU.ActiveCfg = Debug|Any CPU
		{7EDD34F1-3B4B-45B0-AC23-3F499C2B24F3}.Debug|Any CPU.Build.0 = Debug|Any CPU
		{7EDD34F1-3B4B-45B0-AC23-3F499C2B24F3}.Release|Any CPU.ActiveCfg = Release|Any CPU
		{7EDD34F1-3B4B-45B0-AC23-3F499C2B24F3}.Release|Any CPU.Build.0 = Release|Any CPU
	EndGlobalSection
	GlobalSection(SolutionProperties) = preSolution
		HideSolutionNode = FALSE
	EndGlobalSection
	GlobalSection(ExtensibilityGlobals) = postSolution
		SolutionGuid = {6BA4DCCE-446E-48AA-804A-72F8F9DE161E}
	EndGlobalSection
EndGlobal
